<?xml version="1.0" encoding="utf-8"?>
<Project ToolsVersion="4.0" xmlns="http://schemas.microsoft.com/developer/msbuild/2003">
  <ItemGroup>
    <Filter Include="Source Files">
      <UniqueIdentifier>{4FC737F1-C7A5-4376-A066-2A32D752A2FF}</UniqueIdentifier>
      <Extensions>cpp;c;cc;cxx;def;odl;idl;hpj;bat;asm;asmx</Extensions>
    </Filter>
    <Filter Include="Header Files">
      <UniqueIdentifier>{93995380-89BD-4b04-88EB-625FBE52EBFB}</UniqueIdentifier>
      <Extensions>h;hh;hpp;hxx;hm;inl;inc;xsd</Extensions>
    </Filter>
    <Filter Include="Resource Files">
      <UniqueIdentifier>{67DA6AB6-F800-4c08-8B7A-83BB121AAD01}</UniqueIdentifier>
      <Extensions>rc;ico;cur;bmp;dlg;rc2;rct;bin;rgs;gif;jpg;jpeg;jpe;resx;tiff;tif;png;wav;mfcribbon-ms</Extensions>
    </Filter>
    <Filter Include="Header Files\Components">
      <UniqueIdentifier>{d02fed6e-dcb4-4090-9a8c-18dd9b054e7d}</UniqueIdentifier>
    </Filter>
    <Filter Include="Source Files\Components">
      <UniqueIdentifier>{cbaaa288-7f67-404f-8df1-8735cb105016}</UniqueIdentifier>
    </Filter>
    <Filter Include="Header Files\MenuNodes">
      <UniqueIdentifier>{c0716ef5-8f83-4ce4-b9e6-86312f7d3da9}</UniqueIdentifier>
    </Filter>
    <Filter Include="Source Files\MenuNodes">
      <UniqueIdentifier>{fbae044e-ee37-4104-bba4-e301836c0f18}</UniqueIdentifier>
    </Filter>
    <Filter Include="Header Files\UiInteraction">
      <UniqueIdentifier>{4dca704e-4cd3-4dc2-b1c6-0020874cfb0a}</UniqueIdentifier>
    </Filter>
    <Filter Include="Source Files\UiInteraction">
      <UniqueIdentifier>{0ad66354-68ab-4dab-96c2-9b46654183a5}</UniqueIdentifier>
    </Filter>
    <Filter Include="Header Files\Game">
      <UniqueIdentifier>{7c5e521e-adb0-4395-80b0-22b289dcae44}</UniqueIdentifier>
    </Filter>
    <Filter Include="Source Files\Game">
      <UniqueIdentifier>{9d44c939-7f57-4e4e-b4bb-0f3c4472a955}</UniqueIdentifier>
    </Filter>
  </ItemGroup>
  <ItemGroup>
    <ClCompile Include="main.cpp">
      <Filter>Source Files</Filter>
    </ClCompile>
    <ClCompile Include="Application.cpp">
      <Filter>Source Files</Filter>
    </ClCompile>
    <ClCompile Include="ComponentList.cpp">
      <Filter>Source Files\Components</Filter>
    </ClCompile>
    <ClCompile Include="MainMenu.cpp">
      <Filter>Source Files\MenuNodes</Filter>
    </ClCompile>
    <ClCompile Include="MenuNode.cpp">
      <Filter>Source Files\MenuNodes</Filter>
    </ClCompile>
    <ClCompile Include="UiComponent.cpp">
      <Filter>Source Files\Components</Filter>
    </ClCompile>
    <ClCompile Include="MainMenuUi.cpp">
      <Filter>Source Files\Components</Filter>
    </ClCompile>
    <ClCompile Include="GameMenuNode.cpp">
      <Filter>Source Files\MenuNodes</Filter>
    </ClCompile>
    <ClCompile Include="GameUi.cpp">
      <Filter>Source Files\Components</Filter>
    </ClCompile>
    <ClCompile Include="Command.cpp">
      <Filter>Source Files\UiInteraction</Filter>
    </ClCompile>
    <ClCompile Include="UiEvent.cpp">
      <Filter>Source Files\UiInteraction</Filter>
    </ClCompile>
    <ClCompile Include="Board.cpp">
      <Filter>Source Files\Game</Filter>
    </ClCompile>
    <ClCompile Include="SpGameManager.cpp">
      <Filter>Source Files\Game</Filter>
    </ClCompile>
    <ClCompile Include="GameSettings.cpp">
      <Filter>Source Files\Game</Filter>
    </ClCompile>
  </ItemGroup>
  <ItemGroup>
    <ClInclude Include="Application.h">
      <Filter>Header Files</Filter>
    </ClInclude>
    <ClInclude Include="Component.h">
      <Filter>Header Files\Components</Filter>
    </ClInclude>
    <ClInclude Include="ComponentList.h">
      <Filter>Header Files\Components</Filter>
    </ClInclude>
    <ClInclude Include="MainMenu.h">
      <Filter>Header Files\MenuNodes</Filter>
    </ClInclude>
    <ClInclude Include="MenuNode.h">
      <Filter>Header Files\MenuNodes</Filter>
    </ClInclude>
    <ClInclude Include="UiComponent.h">
      <Filter>Header Files\Components</Filter>
    </ClInclude>
    <ClInclude Include="MainMenuUi.h">
      <Filter>Header Files\Components</Filter>
    </ClInclude>
    <ClInclude Include="Defines.h">
      <Filter>Header Files</Filter>
    </ClInclude>
    <ClInclude Include="GameMenuNode.h">
      <Filter>Header Files\MenuNodes</Filter>
    </ClInclude>
    <ClInclude Include="GameUi.h">
      <Filter>Header Files\Components</Filter>
    </ClInclude>
    <ClInclude Include="Command.h">
      <Filter>Header Files\UiInteraction</Filter>
    </ClInclude>
    <ClInclude Include="UiEvent.h">
      <Filter>Header Files\UiInteraction</Filter>
    </ClInclude>
    <ClInclude Include="Board.h">
      <Filter>Header Files\Game</Filter>
    </ClInclude>
    <ClInclude Include="IGameManager.h">
      <Filter>Header Files\Game</Filter>
    </ClInclude>
    <ClInclude Include="SpGameManager.h">
      <Filter>Header Files\Game</Filter>
    </ClInclude>
    <ClInclude Include="GameSettings.h">
      <Filter>Header Files\Game</Filter>
    </ClInclude>
  </ItemGroup>
  <ItemGroup>
    <None Include="theme.sft" />
  </ItemGroup>
</Project>